
Microsoft Visual Studio Solution File, Format Version 12.00
# Visual Studio Version 17
VisualStudioVersion = 17.5.33627.172
MinimumVisualStudioVersion = 10.0.40219.1
Project("{9A19103F-16F7-4668-BE54-9A1E7A4F7556}") = "Clusterization", "Clusterization\Clusterization.csproj", "{0361CFC2-6719-4CBB-B4F0-5096E76DEF8A}"
EndProject
Project("{9A19103F-16F7-4668-BE54-9A1E7A4F7556}") = "Infrastructure", "Infrastructure\Infrastructure.csproj", "{B10BD10D-6335-408C-86CA-D90B276EB796}"
EndProject
Project("{9A19103F-16F7-4668-BE54-9A1E7A4F7556}") = "Domain", "Domain\Domain.csproj", "{EFBC5A0B-82DF-48D5-A148-942AC3C82139}"
EndProject
Global
	GlobalSection(SolutionConfigurationPlatforms) = preSolution
		Debug|Any CPU = Debug|Any CPU
		Release|Any CPU = Release|Any CPU
	EndGlobalSection
	GlobalSection(ProjectConfigurationPlatforms) = postSolution
		{0361CFC2-6719-4CBB-B4F0-5096E76DEF8A}.Debug|Any CPU.ActiveCfg = Debug|Any CPU
		{0361CFC2-6719-4CBB-B4F0-5096E76DEF8A}.Debug|Any CPU.Build.0 = Debug|Any CPU
		{0361CFC2-6719-4CBB-B4F0-5096E76DEF8A}.Release|Any CPU.ActiveCfg = Release|Any CPU
		{0361CFC2-6719-4CBB-B4F0-5096E76DEF8A}.Release|Any CPU.Build.0 = Release|Any CPU
		{B10BD10D-6335-408C-86CA-D90B276EB796}.Debug|Any CPU.ActiveCfg = Debug|Any CPU
		{B10BD10D-6335-408C-86CA-D90B276EB796}.Debug|Any CPU.Build.0 = Debug|Any CPU
		{B10BD10D-6335-408C-86CA-D90B276EB796}.Release|Any CPU.ActiveCfg = Release|Any CPU
		{B10BD10D-6335-408C-86CA-D90B276EB796}.Release|Any CPU.Build.0 = Release|Any CPU
		{EFBC5A0B-82DF-48D5-A148-942AC3C82139}.Debug|Any CPU.ActiveCfg = Debug|Any CPU
		{EFBC5A0B-82DF-48D5-A148-942AC3C82139}.Debug|Any CPU.Build.0 = Debug|Any CPU
		{EFBC5A0B-82DF-48D5-A148-942AC3C82139}.Release|Any CPU.ActiveCfg = Release|Any CPU
		{EFBC5A0B-82DF-48D5-A148-942AC3C82139}.Release|Any CPU.Build.0 = Release|Any CPU
	EndGlobalSection
	GlobalSection(SolutionProperties) = preSolution
		HideSolutionNode = FALSE
	EndGlobalSection
	GlobalSection(ExtensibilityGlobals) = postSolution
		SolutionGuid = {FFDC1CC0-BAB2-4AF0-BF02-D343823B116C}
	EndGlobalSection
EndGlobal
